// !$*UTF8*$!
{
	archiveVersion = 1;
	classes = {
	};
	objectVersion = 56;
	objects = {

/* Begin PBXBuildFile section */
		0FC623AAD09FA1F07DD0265D /* Pods_Yandex_Homework_1Tests.framework in Frameworks */ = {isa = PBXBuildFile; fileRef = D494CECFC6BB481990CBB722 /* Pods_Yandex_Homework_1Tests.framework */; };
		280AC39918151E3C532900B1 /* Pods_Yandex_Homework_1.framework in Frameworks */ = {isa = PBXBuildFile; fileRef = A47CD805A746A3E0469EDD0E /* Pods_Yandex_Homework_1.framework */; };
		372683782A4DBA4F005AA9BC /* TodoTableViewCell.swift in Sources */ = {isa = PBXBuildFile; fileRef = 372683772A4DBA4F005AA9BC /* TodoTableViewCell.swift */; };
		3726837A2A4DE81B005AA9BC /* TodoDoneUIView.swift in Sources */ = {isa = PBXBuildFile; fileRef = 372683792A4DE81B005AA9BC /* TodoDoneUIView.swift */; };
		3726837E2A4E45C5005AA9BC /* DeadlineCellView.swift in Sources */ = {isa = PBXBuildFile; fileRef = 3726837D2A4E45C5005AA9BC /* DeadlineCellView.swift */; };
		372683802A4E63B7005AA9BC /* CreateNewTaskTableViewCell.swift in Sources */ = {isa = PBXBuildFile; fileRef = 3726837F2A4E63B7005AA9BC /* CreateNewTaskTableViewCell.swift */; };
		372683822A4F73DE005AA9BC /* Animator.swift in Sources */ = {isa = PBXBuildFile; fileRef = 372683812A4F73DE005AA9BC /* Animator.swift */; };
		372683882A4FAA5F005AA9BC /* UIButton+Extension.swift in Sources */ = {isa = PBXBuildFile; fileRef = 372683872A4FAA5F005AA9BC /* UIButton+Extension.swift */; };
		3726839F2A4FCB61005AA9BC /* CocoaLumberjack in Frameworks */ = {isa = PBXBuildFile; productRef = 3726839E2A4FCB61005AA9BC /* CocoaLumberjack */; };
		372683A12A4FCB61005AA9BC /* CocoaLumberjackSwift in Frameworks */ = {isa = PBXBuildFile; productRef = 372683A02A4FCB61005AA9BC /* CocoaLumberjackSwift */; };
		372683A32A4FCB61005AA9BC /* CocoaLumberjackSwiftLogBackend in Frameworks */ = {isa = PBXBuildFile; productRef = 372683A22A4FCB61005AA9BC /* CocoaLumberjackSwiftLogBackend */; };
		372B09812A6AB96A008E847E /* SwipeActions.swift in Sources */ = {isa = PBXBuildFile; fileRef = 372B09802A6AB96A008E847E /* SwipeActions.swift */; };
		372B09832A6AB9A7008E847E /* SectionHeaderView.swift in Sources */ = {isa = PBXBuildFile; fileRef = 372B09822A6AB9A7008E847E /* SectionHeaderView.swift */; };
		372B09852A6AB9E2008E847E /* DeadlineView.swift in Sources */ = {isa = PBXBuildFile; fileRef = 372B09842A6AB9E2008E847E /* DeadlineView.swift */; };
		372B09872A6ABA05008E847E /* CheckBoxView.swift in Sources */ = {isa = PBXBuildFile; fileRef = 372B09862A6ABA05008E847E /* CheckBoxView.swift */; };
		372B09892A6ABA7D008E847E /* ListRowView.swift in Sources */ = {isa = PBXBuildFile; fileRef = 372B09882A6ABA7D008E847E /* ListRowView.swift */; };
		372B098B2A6ABAA4008E847E /* Constants.swift in Sources */ = {isa = PBXBuildFile; fileRef = 372B098A2A6ABAA4008E847E /* Constants.swift */; };
		372B098D2A6ABAE6008E847E /* CornerRadius+Extension.swift in Sources */ = {isa = PBXBuildFile; fileRef = 372B098C2A6ABAE6008E847E /* CornerRadius+Extension.swift */; };
		373349B82A41C6BA006BA9F6 /* Colors.swift in Sources */ = {isa = PBXBuildFile; fileRef = 373349B72A41C6BA006BA9F6 /* Colors.swift */; };
		373349BA2A41CC3A006BA9F6 /* Fonts.swift in Sources */ = {isa = PBXBuildFile; fileRef = 373349B92A41CC3A006BA9F6 /* Fonts.swift */; };
		374FFEFC2A3A5D1200B6EA5B /* AppDelegate.swift in Sources */ = {isa = PBXBuildFile; fileRef = 374FFEFB2A3A5D1200B6EA5B /* AppDelegate.swift */; };
		374FFEFE2A3A5D1200B6EA5B /* SceneDelegate.swift in Sources */ = {isa = PBXBuildFile; fileRef = 374FFEFD2A3A5D1200B6EA5B /* SceneDelegate.swift */; };
		374FFF002A3A5D1200B6EA5B /* ViewController.swift in Sources */ = {isa = PBXBuildFile; fileRef = 374FFEFF2A3A5D1200B6EA5B /* ViewController.swift */; };
		374FFF052A3A5D1400B6EA5B /* Assets.xcassets in Resources */ = {isa = PBXBuildFile; fileRef = 374FFF042A3A5D1400B6EA5B /* Assets.xcassets */; };
		374FFF082A3A5D1400B6EA5B /* LaunchScreen.storyboard in Resources */ = {isa = PBXBuildFile; fileRef = 374FFF062A3A5D1400B6EA5B /* LaunchScreen.storyboard */; };
		374FFF132A3A5D1400B6EA5B /* Yandex_Homework_1Tests.swift in Sources */ = {isa = PBXBuildFile; fileRef = 374FFF122A3A5D1400B6EA5B /* Yandex_Homework_1Tests.swift */; };
		374FFF2C2A3A5D2200B6EA5B /* TodoItem.swift in Sources */ = {isa = PBXBuildFile; fileRef = 374FFF2B2A3A5D2200B6EA5B /* TodoItem.swift */; };
		374FFF2E2A3A5D2F00B6EA5B /* FileCache.swift in Sources */ = {isa = PBXBuildFile; fileRef = 374FFF2D2A3A5D2F00B6EA5B /* FileCache.swift */; };
		3751846E2A68AEC30052FD4D /* Yandex_Homework_2App.swift in Sources */ = {isa = PBXBuildFile; fileRef = 3751846D2A68AEC30052FD4D /* Yandex_Homework_2App.swift */; };
		375184702A68AEC30052FD4D /* ContentView.swift in Sources */ = {isa = PBXBuildFile; fileRef = 3751846F2A68AEC30052FD4D /* ContentView.swift */; };
		375184722A68AEC40052FD4D /* Assets.xcassets in Resources */ = {isa = PBXBuildFile; fileRef = 375184712A68AEC40052FD4D /* Assets.xcassets */; };
		375184752A68AEC40052FD4D /* Preview Assets.xcassets in Resources */ = {isa = PBXBuildFile; fileRef = 375184742A68AEC40052FD4D /* Preview Assets.xcassets */; };
		375546CF2A6961C200F7683C /* Colors.swift in Sources */ = {isa = PBXBuildFile; fileRef = 373349B72A41C6BA006BA9F6 /* Colors.swift */; };
		375546D02A6964D400F7683C /* Assets.xcassets in Resources */ = {isa = PBXBuildFile; fileRef = 374FFF042A3A5D1400B6EA5B /* Assets.xcassets */; };
		375546D12A696CA600F7683C /* Localizable.strings in Resources */ = {isa = PBXBuildFile; fileRef = 37EC21BD2A46AA15000DE90B /* Localizable.strings */; };
		375D55E32A3D20A100C11276 /* TestConstants.swift in Sources */ = {isa = PBXBuildFile; fileRef = 375D55E22A3D20A100C11276 /* TestConstants.swift */; };
		3762A74C2A61949B00FC739E /* NotificationBanner.swift in Sources */ = {isa = PBXBuildFile; fileRef = 3762A74B2A61949B00FC739E /* NotificationBanner.swift */; };
		3762A74E2A62092D00FC739E /* TodoLocalDBProtocol.swift in Sources */ = {isa = PBXBuildFile; fileRef = 3762A74D2A62092D00FC739E /* TodoLocalDBProtocol.swift */; };
		3762A7522A62185D00FC739E /* TodoItem in Frameworks */ = {isa = PBXBuildFile; productRef = 3762A7512A62185D00FC739E /* TodoItem */; };
		377F7BE22A6B2FFC002246B9 /* DetailsView.swift in Sources */ = {isa = PBXBuildFile; fileRef = 377F7BE12A6B2FFC002246B9 /* DetailsView.swift */; };
		377F7BE62A6B6BEA002246B9 /* StackView.swift in Sources */ = {isa = PBXBuildFile; fileRef = 377F7BE52A6B6BEA002246B9 /* StackView.swift */; };
		377F7BE82A6B6C10002246B9 /* RemoveView.swift in Sources */ = {isa = PBXBuildFile; fileRef = 377F7BE72A6B6C10002246B9 /* RemoveView.swift */; };
		377F7BEA2A6B6C2D002246B9 /* ViewForPicker.swift in Sources */ = {isa = PBXBuildFile; fileRef = 377F7BE92A6B6C2D002246B9 /* ViewForPicker.swift */; };
		377F7BEC2A6B6C4D002246B9 /* TextView.swift in Sources */ = {isa = PBXBuildFile; fileRef = 377F7BEB2A6B6C4D002246B9 /* TextView.swift */; };
		379FEF862A60D313005B56A3 /* Yandex-Homework-1.xcdatamodeld in Sources */ = {isa = PBXBuildFile; fileRef = 379FEF842A60D313005B56A3 /* Yandex-Homework-1.xcdatamodeld */; };
		379FEF882A60D4A5005B56A3 /* TodoCoreData.swift in Sources */ = {isa = PBXBuildFile; fileRef = 379FEF872A60D4A5005B56A3 /* TodoCoreData.swift */; };
		37A5C4B92A5716E0003A7173 /* URLSession+Extension.swift in Sources */ = {isa = PBXBuildFile; fileRef = 37A5C4B82A5716E0003A7173 /* URLSession+Extension.swift */; };
		37A5C4BB2A578582003A7173 /* NetworkService.swift in Sources */ = {isa = PBXBuildFile; fileRef = 37A5C4BA2A578582003A7173 /* NetworkService.swift */; };
		37A5C4BD2A578659003A7173 /* TodoDTO.swift in Sources */ = {isa = PBXBuildFile; fileRef = 37A5C4BC2A578659003A7173 /* TodoDTO.swift */; };
		37A5C4BF2A585C01003A7173 /* MainPresenter.swift in Sources */ = {isa = PBXBuildFile; fileRef = 37A5C4BE2A585C01003A7173 /* MainPresenter.swift */; };
		37A5C4C12A585C0B003A7173 /* MainAssembler.swift in Sources */ = {isa = PBXBuildFile; fileRef = 37A5C4C02A585C0B003A7173 /* MainAssembler.swift */; };
		37B18DF82A4336280061DC06 /* TextView.swift in Sources */ = {isa = PBXBuildFile; fileRef = 37B18DF72A4336280061DC06 /* TextView.swift */; };
		37B18DFA2A43481C0061DC06 /* MainViewController.swift in Sources */ = {isa = PBXBuildFile; fileRef = 37B18DF92A43481C0061DC06 /* MainViewController.swift */; };
		37B18DFC2A438BAE0061DC06 /* RemoveView.swift in Sources */ = {isa = PBXBuildFile; fileRef = 37B18DFB2A438BAE0061DC06 /* RemoveView.swift */; };
		37B18DFE2A438E7A0061DC06 /* SettingsView.swift in Sources */ = {isa = PBXBuildFile; fileRef = 37B18DFD2A438E7A0061DC06 /* SettingsView.swift */; };
		37B18E012A438EFC0061DC06 /* DeadlineHelperView.swift in Sources */ = {isa = PBXBuildFile; fileRef = 37B18E002A438EFC0061DC06 /* DeadlineHelperView.swift */; };
		37B18E042A4390590061DC06 /* PriorityView.swift in Sources */ = {isa = PBXBuildFile; fileRef = 37B18E032A4390590061DC06 /* PriorityView.swift */; };
		37B18E062A4394F70061DC06 /* DeadlineView.swift in Sources */ = {isa = PBXBuildFile; fileRef = 37B18E052A4394F70061DC06 /* DeadlineView.swift */; };
		37B18E082A4395B70061DC06 /* CalendarView.swift in Sources */ = {isa = PBXBuildFile; fileRef = 37B18E072A4395B70061DC06 /* CalendarView.swift */; };
		37B18E0F2A45D5530061DC06 /* TodoPresenter.swift in Sources */ = {isa = PBXBuildFile; fileRef = 37B18E0E2A45D5530061DC06 /* TodoPresenter.swift */; };
		37B18E112A45D5EF0061DC06 /* TodoAssembly.swift in Sources */ = {isa = PBXBuildFile; fileRef = 37B18E102A45D5EF0061DC06 /* TodoAssembly.swift */; };
		37B18E132A45D8B60061DC06 /* TodoViewModel.swift in Sources */ = {isa = PBXBuildFile; fileRef = 37B18E122A45D8B60061DC06 /* TodoViewModel.swift */; };
		37B18E152A462CEC0061DC06 /* ColorPickerPaletteView.swift in Sources */ = {isa = PBXBuildFile; fileRef = 37B18E142A462CEC0061DC06 /* ColorPickerPaletteView.swift */; };
		37EAB3092A5E017A00AFA801 /* TodoDB.swift in Sources */ = {isa = PBXBuildFile; fileRef = 37EAB3082A5E017A00AFA801 /* TodoDB.swift */; };
		37EC21AB2A464FD1000DE90B /* ColorView.swift in Sources */ = {isa = PBXBuildFile; fileRef = 37EC21AA2A464FD1000DE90B /* ColorView.swift */; };
		37EC21AD2A465848000DE90B /* ColorSelectionView.swift in Sources */ = {isa = PBXBuildFile; fileRef = 37EC21AC2A465848000DE90B /* ColorSelectionView.swift */; };
		37EC21AF2A4676AB000DE90B /* UIColor+Extensions.swift in Sources */ = {isa = PBXBuildFile; fileRef = 37EC21AE2A4676AB000DE90B /* UIColor+Extensions.swift */; };
		37EC21BB2A46AA15000DE90B /* Localizable.strings in Resources */ = {isa = PBXBuildFile; fileRef = 37EC21BD2A46AA15000DE90B /* Localizable.strings */; };
/* End PBXBuildFile section */

/* Begin PBXContainerItemProxy section */
		374FFF0F2A3A5D1400B6EA5B /* PBXContainerItemProxy */ = {
			isa = PBXContainerItemProxy;
			containerPortal = 374FFEF02A3A5D1200B6EA5B /* Project object */;
			proxyType = 1;
			remoteGlobalIDString = 374FFEF72A3A5D1200B6EA5B;
			remoteInfo = "Yandex-Homework-1";
		};
/* End PBXContainerItemProxy section */

/* Begin PBXFileReference section */
		056E60E349D40E5A5FDE655A /* Pods-Yandex-Homework-1Tests.release.xcconfig */ = {isa = PBXFileReference; includeInIndex = 1; lastKnownFileType = text.xcconfig; name = "Pods-Yandex-Homework-1Tests.release.xcconfig"; path = "Target Support Files/Pods-Yandex-Homework-1Tests/Pods-Yandex-Homework-1Tests.release.xcconfig"; sourceTree = "<group>"; };
		2252BE019F90998D2CEEE742 /* Pods-Yandex-Homework-1Tests.debug.xcconfig */ = {isa = PBXFileReference; includeInIndex = 1; lastKnownFileType = text.xcconfig; name = "Pods-Yandex-Homework-1Tests.debug.xcconfig"; path = "Target Support Files/Pods-Yandex-Homework-1Tests/Pods-Yandex-Homework-1Tests.debug.xcconfig"; sourceTree = "<group>"; };
		372683772A4DBA4F005AA9BC /* TodoTableViewCell.swift */ = {isa = PBXFileReference; lastKnownFileType = sourcecode.swift; path = TodoTableViewCell.swift; sourceTree = "<group>"; };
		372683792A4DE81B005AA9BC /* TodoDoneUIView.swift */ = {isa = PBXFileReference; lastKnownFileType = sourcecode.swift; path = TodoDoneUIView.swift; sourceTree = "<group>"; };
		3726837D2A4E45C5005AA9BC /* DeadlineCellView.swift */ = {isa = PBXFileReference; lastKnownFileType = sourcecode.swift; path = DeadlineCellView.swift; sourceTree = "<group>"; };
		3726837F2A4E63B7005AA9BC /* CreateNewTaskTableViewCell.swift */ = {isa = PBXFileReference; lastKnownFileType = sourcecode.swift; path = CreateNewTaskTableViewCell.swift; sourceTree = "<group>"; };
		372683812A4F73DE005AA9BC /* Animator.swift */ = {isa = PBXFileReference; lastKnownFileType = sourcecode.swift; path = Animator.swift; sourceTree = "<group>"; };
		372683872A4FAA5F005AA9BC /* UIButton+Extension.swift */ = {isa = PBXFileReference; lastKnownFileType = sourcecode.swift; path = "UIButton+Extension.swift"; sourceTree = "<group>"; };
		372B09802A6AB96A008E847E /* SwipeActions.swift */ = {isa = PBXFileReference; lastKnownFileType = sourcecode.swift; path = SwipeActions.swift; sourceTree = "<group>"; };
		372B09822A6AB9A7008E847E /* SectionHeaderView.swift */ = {isa = PBXFileReference; lastKnownFileType = sourcecode.swift; path = SectionHeaderView.swift; sourceTree = "<group>"; };
		372B09842A6AB9E2008E847E /* DeadlineView.swift */ = {isa = PBXFileReference; lastKnownFileType = sourcecode.swift; path = DeadlineView.swift; sourceTree = "<group>"; };
		372B09862A6ABA05008E847E /* CheckBoxView.swift */ = {isa = PBXFileReference; lastKnownFileType = sourcecode.swift; path = CheckBoxView.swift; sourceTree = "<group>"; };
		372B09882A6ABA7D008E847E /* ListRowView.swift */ = {isa = PBXFileReference; lastKnownFileType = sourcecode.swift; path = ListRowView.swift; sourceTree = "<group>"; };
		372B098A2A6ABAA4008E847E /* Constants.swift */ = {isa = PBXFileReference; lastKnownFileType = sourcecode.swift; path = Constants.swift; sourceTree = "<group>"; };
		372B098C2A6ABAE6008E847E /* CornerRadius+Extension.swift */ = {isa = PBXFileReference; lastKnownFileType = sourcecode.swift; path = "CornerRadius+Extension.swift"; sourceTree = "<group>"; };
		373349B72A41C6BA006BA9F6 /* Colors.swift */ = {isa = PBXFileReference; lastKnownFileType = sourcecode.swift; path = Colors.swift; sourceTree = "<group>"; };
		373349B92A41CC3A006BA9F6 /* Fonts.swift */ = {isa = PBXFileReference; lastKnownFileType = sourcecode.swift; path = Fonts.swift; sourceTree = "<group>"; };
		374FFEF82A3A5D1200B6EA5B /* Yandex-Homework-1.app */ = {isa = PBXFileReference; explicitFileType = wrapper.application; includeInIndex = 0; path = "Yandex-Homework-1.app"; sourceTree = BUILT_PRODUCTS_DIR; };
		374FFEFB2A3A5D1200B6EA5B /* AppDelegate.swift */ = {isa = PBXFileReference; lastKnownFileType = sourcecode.swift; path = AppDelegate.swift; sourceTree = "<group>"; };
		374FFEFD2A3A5D1200B6EA5B /* SceneDelegate.swift */ = {isa = PBXFileReference; lastKnownFileType = sourcecode.swift; path = SceneDelegate.swift; sourceTree = "<group>"; };
		374FFEFF2A3A5D1200B6EA5B /* ViewController.swift */ = {isa = PBXFileReference; lastKnownFileType = sourcecode.swift; path = ViewController.swift; sourceTree = "<group>"; };
		374FFF042A3A5D1400B6EA5B /* Assets.xcassets */ = {isa = PBXFileReference; lastKnownFileType = folder.assetcatalog; path = Assets.xcassets; sourceTree = "<group>"; };
		374FFF072A3A5D1400B6EA5B /* Base */ = {isa = PBXFileReference; lastKnownFileType = file.storyboard; name = Base; path = Base.lproj/LaunchScreen.storyboard; sourceTree = "<group>"; };
		374FFF092A3A5D1400B6EA5B /* Info.plist */ = {isa = PBXFileReference; lastKnownFileType = text.plist.xml; path = Info.plist; sourceTree = "<group>"; };
		374FFF0E2A3A5D1400B6EA5B /* Yandex-Homework-1Tests.xctest */ = {isa = PBXFileReference; explicitFileType = wrapper.cfbundle; includeInIndex = 0; path = "Yandex-Homework-1Tests.xctest"; sourceTree = BUILT_PRODUCTS_DIR; };
		374FFF122A3A5D1400B6EA5B /* Yandex_Homework_1Tests.swift */ = {isa = PBXFileReference; lastKnownFileType = sourcecode.swift; path = Yandex_Homework_1Tests.swift; sourceTree = "<group>"; };
		374FFF2B2A3A5D2200B6EA5B /* TodoItem.swift */ = {isa = PBXFileReference; lastKnownFileType = sourcecode.swift; path = TodoItem.swift; sourceTree = "<group>"; };
		374FFF2D2A3A5D2F00B6EA5B /* FileCache.swift */ = {isa = PBXFileReference; lastKnownFileType = sourcecode.swift; path = FileCache.swift; sourceTree = "<group>"; };
		3751846B2A68AEC30052FD4D /* Yandex-Homework-2.app */ = {isa = PBXFileReference; explicitFileType = wrapper.application; includeInIndex = 0; path = "Yandex-Homework-2.app"; sourceTree = BUILT_PRODUCTS_DIR; };
		3751846D2A68AEC30052FD4D /* Yandex_Homework_2App.swift */ = {isa = PBXFileReference; lastKnownFileType = sourcecode.swift; path = Yandex_Homework_2App.swift; sourceTree = "<group>"; };
		3751846F2A68AEC30052FD4D /* ContentView.swift */ = {isa = PBXFileReference; lastKnownFileType = sourcecode.swift; path = ContentView.swift; sourceTree = "<group>"; };
		375184712A68AEC40052FD4D /* Assets.xcassets */ = {isa = PBXFileReference; lastKnownFileType = folder.assetcatalog; path = Assets.xcassets; sourceTree = "<group>"; };
		375184742A68AEC40052FD4D /* Preview Assets.xcassets */ = {isa = PBXFileReference; lastKnownFileType = folder.assetcatalog; path = "Preview Assets.xcassets"; sourceTree = "<group>"; };
		375D55E22A3D20A100C11276 /* TestConstants.swift */ = {isa = PBXFileReference; lastKnownFileType = sourcecode.swift; path = TestConstants.swift; sourceTree = "<group>"; };
		3762A74B2A61949B00FC739E /* NotificationBanner.swift */ = {isa = PBXFileReference; lastKnownFileType = sourcecode.swift; path = NotificationBanner.swift; sourceTree = "<group>"; };
		3762A74D2A62092D00FC739E /* TodoLocalDBProtocol.swift */ = {isa = PBXFileReference; lastKnownFileType = sourcecode.swift; path = TodoLocalDBProtocol.swift; sourceTree = "<group>"; };
		377F7BE12A6B2FFC002246B9 /* DetailsView.swift */ = {isa = PBXFileReference; lastKnownFileType = sourcecode.swift; path = DetailsView.swift; sourceTree = "<group>"; };
		377F7BE52A6B6BEA002246B9 /* StackView.swift */ = {isa = PBXFileReference; lastKnownFileType = sourcecode.swift; path = StackView.swift; sourceTree = "<group>"; };
		377F7BE72A6B6C10002246B9 /* RemoveView.swift */ = {isa = PBXFileReference; lastKnownFileType = sourcecode.swift; path = RemoveView.swift; sourceTree = "<group>"; };
		377F7BE92A6B6C2D002246B9 /* ViewForPicker.swift */ = {isa = PBXFileReference; lastKnownFileType = sourcecode.swift; path = ViewForPicker.swift; sourceTree = "<group>"; };
		377F7BEB2A6B6C4D002246B9 /* TextView.swift */ = {isa = PBXFileReference; lastKnownFileType = sourcecode.swift; path = TextView.swift; sourceTree = "<group>"; };
		379FEF852A60D313005B56A3 /* Yandex-Homework-1.xcdatamodel */ = {isa = PBXFileReference; lastKnownFileType = wrapper.xcdatamodel; path = "Yandex-Homework-1.xcdatamodel"; sourceTree = "<group>"; };
		379FEF872A60D4A5005B56A3 /* TodoCoreData.swift */ = {isa = PBXFileReference; lastKnownFileType = sourcecode.swift; path = TodoCoreData.swift; sourceTree = "<group>"; };
		37A5C4B82A5716E0003A7173 /* URLSession+Extension.swift */ = {isa = PBXFileReference; lastKnownFileType = sourcecode.swift; path = "URLSession+Extension.swift"; sourceTree = "<group>"; };
		37A5C4BA2A578582003A7173 /* NetworkService.swift */ = {isa = PBXFileReference; lastKnownFileType = sourcecode.swift; path = NetworkService.swift; sourceTree = "<group>"; };
		37A5C4BC2A578659003A7173 /* TodoDTO.swift */ = {isa = PBXFileReference; lastKnownFileType = sourcecode.swift; path = TodoDTO.swift; sourceTree = "<group>"; };
		37A5C4BE2A585C01003A7173 /* MainPresenter.swift */ = {isa = PBXFileReference; lastKnownFileType = sourcecode.swift; path = MainPresenter.swift; sourceTree = "<group>"; };
		37A5C4C02A585C0B003A7173 /* MainAssembler.swift */ = {isa = PBXFileReference; lastKnownFileType = sourcecode.swift; path = MainAssembler.swift; sourceTree = "<group>"; };
		37B18DF72A4336280061DC06 /* TextView.swift */ = {isa = PBXFileReference; lastKnownFileType = sourcecode.swift; path = TextView.swift; sourceTree = "<group>"; };
		37B18DF92A43481C0061DC06 /* MainViewController.swift */ = {isa = PBXFileReference; lastKnownFileType = sourcecode.swift; path = MainViewController.swift; sourceTree = "<group>"; };
		37B18DFB2A438BAE0061DC06 /* RemoveView.swift */ = {isa = PBXFileReference; lastKnownFileType = sourcecode.swift; path = RemoveView.swift; sourceTree = "<group>"; };
		37B18DFD2A438E7A0061DC06 /* SettingsView.swift */ = {isa = PBXFileReference; lastKnownFileType = sourcecode.swift; path = SettingsView.swift; sourceTree = "<group>"; };
		37B18E002A438EFC0061DC06 /* DeadlineHelperView.swift */ = {isa = PBXFileReference; lastKnownFileType = sourcecode.swift; path = DeadlineHelperView.swift; sourceTree = "<group>"; };
		37B18E032A4390590061DC06 /* PriorityView.swift */ = {isa = PBXFileReference; lastKnownFileType = sourcecode.swift; path = PriorityView.swift; sourceTree = "<group>"; };
		37B18E052A4394F70061DC06 /* DeadlineView.swift */ = {isa = PBXFileReference; lastKnownFileType = sourcecode.swift; path = DeadlineView.swift; sourceTree = "<group>"; };
		37B18E072A4395B70061DC06 /* CalendarView.swift */ = {isa = PBXFileReference; lastKnownFileType = sourcecode.swift; path = CalendarView.swift; sourceTree = "<group>"; };
		37B18E0E2A45D5530061DC06 /* TodoPresenter.swift */ = {isa = PBXFileReference; lastKnownFileType = sourcecode.swift; path = TodoPresenter.swift; sourceTree = "<group>"; };
		37B18E102A45D5EF0061DC06 /* TodoAssembly.swift */ = {isa = PBXFileReference; lastKnownFileType = sourcecode.swift; path = TodoAssembly.swift; sourceTree = "<group>"; };
		37B18E122A45D8B60061DC06 /* TodoViewModel.swift */ = {isa = PBXFileReference; lastKnownFileType = sourcecode.swift; path = TodoViewModel.swift; sourceTree = "<group>"; };
		37B18E142A462CEC0061DC06 /* ColorPickerPaletteView.swift */ = {isa = PBXFileReference; lastKnownFileType = sourcecode.swift; path = ColorPickerPaletteView.swift; sourceTree = "<group>"; };
		37EAB3082A5E017A00AFA801 /* TodoDB.swift */ = {isa = PBXFileReference; lastKnownFileType = sourcecode.swift; path = TodoDB.swift; sourceTree = "<group>"; };
		37EC21AA2A464FD1000DE90B /* ColorView.swift */ = {isa = PBXFileReference; lastKnownFileType = sourcecode.swift; path = ColorView.swift; sourceTree = "<group>"; };
		37EC21AC2A465848000DE90B /* ColorSelectionView.swift */ = {isa = PBXFileReference; lastKnownFileType = sourcecode.swift; path = ColorSelectionView.swift; sourceTree = "<group>"; };
		37EC21AE2A4676AB000DE90B /* UIColor+Extensions.swift */ = {isa = PBXFileReference; lastKnownFileType = sourcecode.swift; path = "UIColor+Extensions.swift"; sourceTree = "<group>"; };
		37EC21BC2A46AA15000DE90B /* en */ = {isa = PBXFileReference; lastKnownFileType = text.plist.strings; name = en; path = en.lproj/Localizable.strings; sourceTree = "<group>"; };
		37EC21BF2A46AA2E000DE90B /* ru */ = {isa = PBXFileReference; lastKnownFileType = text.plist.strings; name = ru; path = ru.lproj/Localizable.strings; sourceTree = "<group>"; };
		44C95FD9B32CC08D2FD29D68 /* Pods-Yandex-Homework-1.debug.xcconfig */ = {isa = PBXFileReference; includeInIndex = 1; lastKnownFileType = text.xcconfig; name = "Pods-Yandex-Homework-1.debug.xcconfig"; path = "Target Support Files/Pods-Yandex-Homework-1/Pods-Yandex-Homework-1.debug.xcconfig"; sourceTree = "<group>"; };
		A47CD805A746A3E0469EDD0E /* Pods_Yandex_Homework_1.framework */ = {isa = PBXFileReference; explicitFileType = wrapper.framework; includeInIndex = 0; path = Pods_Yandex_Homework_1.framework; sourceTree = BUILT_PRODUCTS_DIR; };
		C0FED164ED13E5D1DD60122B /* Pods-Yandex-Homework-1.release.xcconfig */ = {isa = PBXFileReference; includeInIndex = 1; lastKnownFileType = text.xcconfig; name = "Pods-Yandex-Homework-1.release.xcconfig"; path = "Target Support Files/Pods-Yandex-Homework-1/Pods-Yandex-Homework-1.release.xcconfig"; sourceTree = "<group>"; };
		D494CECFC6BB481990CBB722 /* Pods_Yandex_Homework_1Tests.framework */ = {isa = PBXFileReference; explicitFileType = wrapper.framework; includeInIndex = 0; path = Pods_Yandex_Homework_1Tests.framework; sourceTree = BUILT_PRODUCTS_DIR; };
/* End PBXFileReference section */

/* Begin PBXFrameworksBuildPhase section */
		374FFEF52A3A5D1200B6EA5B /* Frameworks */ = {
			isa = PBXFrameworksBuildPhase;
			buildActionMask = 2147483647;
			files = (
				372683A12A4FCB61005AA9BC /* CocoaLumberjackSwift in Frameworks */,
				372683A32A4FCB61005AA9BC /* CocoaLumberjackSwiftLogBackend in Frameworks */,
				3762A7522A62185D00FC739E /* TodoItem in Frameworks */,
				3726839F2A4FCB61005AA9BC /* CocoaLumberjack in Frameworks */,
				280AC39918151E3C532900B1 /* Pods_Yandex_Homework_1.framework in Frameworks */,
			);
			runOnlyForDeploymentPostprocessing = 0;
		};
		374FFF0B2A3A5D1400B6EA5B /* Frameworks */ = {
			isa = PBXFrameworksBuildPhase;
			buildActionMask = 2147483647;
			files = (
				0FC623AAD09FA1F07DD0265D /* Pods_Yandex_Homework_1Tests.framework in Frameworks */,
			);
			runOnlyForDeploymentPostprocessing = 0;
		};
		375184682A68AEC30052FD4D /* Frameworks */ = {
			isa = PBXFrameworksBuildPhase;
			buildActionMask = 2147483647;
			files = (
			);
			runOnlyForDeploymentPostprocessing = 0;
		};
/* End PBXFrameworksBuildPhase section */

/* Begin PBXGroup section */
		372B098E2A6ABB08008E847E /* MainView */ = {
			isa = PBXGroup;
			children = (
				372B098A2A6ABAA4008E847E /* Constants.swift */,
				372B09822A6AB9A7008E847E /* SectionHeaderView.swift */,
				3751846F2A68AEC30052FD4D /* ContentView.swift */,
				372B098F2A6ABB19008E847E /* ListRow */,
			);
			path = MainView;
			sourceTree = "<group>";
		};
		372B098F2A6ABB19008E847E /* ListRow */ = {
			isa = PBXGroup;
			children = (
				372B09882A6ABA7D008E847E /* ListRowView.swift */,
				372B09802A6AB96A008E847E /* SwipeActions.swift */,
				372B09902A6ABB21008E847E /* Subviews */,
			);
			path = ListRow;
			sourceTree = "<group>";
		};
		372B09902A6ABB21008E847E /* Subviews */ = {
			isa = PBXGroup;
			children = (
				372B09862A6ABA05008E847E /* CheckBoxView.swift */,
				372B09842A6AB9E2008E847E /* DeadlineView.swift */,
			);
			path = Subviews;
			sourceTree = "<group>";
		};
		372B09912A6ABB54008E847E /* Extensions */ = {
			isa = PBXGroup;
			children = (
				372B098C2A6ABAE6008E847E /* CornerRadius+Extension.swift */,
			);
			path = Extensions;
			sourceTree = "<group>";
		};
		373349B62A41C6AE006BA9F6 /* Design */ = {
			isa = PBXGroup;
			children = (
				373349B72A41C6BA006BA9F6 /* Colors.swift */,
				373349B92A41CC3A006BA9F6 /* Fonts.swift */,
			);
			path = Design;
			sourceTree = "<group>";
		};
		374FFEEF2A3A5D1200B6EA5B = {
			isa = PBXGroup;
			children = (
				373349B62A41C6AE006BA9F6 /* Design */,
				37EC21BD2A46AA15000DE90B /* Localizable.strings */,
				374FFEFA2A3A5D1200B6EA5B /* Yandex-Homework-1 */,
				374FFF112A3A5D1400B6EA5B /* Yandex-Homework-1Tests */,
				3751846C2A68AEC30052FD4D /* Yandex-Homework-2 */,
				374FFEF92A3A5D1200B6EA5B /* Products */,
				EECDD905B5338C3918027CFE /* Pods */,
				7ADB6B281BEC2A745CACB767 /* Frameworks */,
			);
			sourceTree = "<group>";
		};
		374FFEF92A3A5D1200B6EA5B /* Products */ = {
			isa = PBXGroup;
			children = (
				374FFEF82A3A5D1200B6EA5B /* Yandex-Homework-1.app */,
				374FFF0E2A3A5D1400B6EA5B /* Yandex-Homework-1Tests.xctest */,
				3751846B2A68AEC30052FD4D /* Yandex-Homework-2.app */,
			);
			name = Products;
			sourceTree = "<group>";
		};
		374FFEFA2A3A5D1200B6EA5B /* Yandex-Homework-1 */ = {
			isa = PBXGroup;
			children = (
				3762A7532A621B8600FC739E /* NetworkService */,
				37EAB3072A5E014700AFA801 /* Database */,
				37EC21B42A467787000DE90B /* TodoList */,
				37EC21B32A46776D000DE90B /* Models */,
				37EC21B12A46771D000DE90B /* Services */,
				37EC21B02A4676E8000DE90B /* Helpers */,
				37B18E0D2A45D4F80061DC06 /* Todo */,
				374FFF042A3A5D1400B6EA5B /* Assets.xcassets */,
				374FFF062A3A5D1400B6EA5B /* LaunchScreen.storyboard */,
				374FFF092A3A5D1400B6EA5B /* Info.plist */,
			);
			path = "Yandex-Homework-1";
			sourceTree = "<group>";
		};
		374FFF112A3A5D1400B6EA5B /* Yandex-Homework-1Tests */ = {
			isa = PBXGroup;
			children = (
				374FFF122A3A5D1400B6EA5B /* Yandex_Homework_1Tests.swift */,
				375D55E22A3D20A100C11276 /* TestConstants.swift */,
			);
			path = "Yandex-Homework-1Tests";
			sourceTree = "<group>";
		};
		3751846C2A68AEC30052FD4D /* Yandex-Homework-2 */ = {
			isa = PBXGroup;
			children = (
				3751846D2A68AEC30052FD4D /* Yandex_Homework_2App.swift */,
				377F7BE32A6B6BCD002246B9 /* DetailsView */,
				372B09912A6ABB54008E847E /* Extensions */,
				372B098E2A6ABB08008E847E /* MainView */,
				375184712A68AEC40052FD4D /* Assets.xcassets */,
				375184732A68AEC40052FD4D /* Preview Content */,
			);
			path = "Yandex-Homework-2";
			sourceTree = "<group>";
		};
		375184732A68AEC40052FD4D /* Preview Content */ = {
			isa = PBXGroup;
			children = (
				375184742A68AEC40052FD4D /* Preview Assets.xcassets */,
			);
			path = "Preview Content";
			sourceTree = "<group>";
		};
		3762A7532A621B8600FC739E /* NetworkService */ = {
			isa = PBXGroup;
			children = (
				37A5C4B82A5716E0003A7173 /* URLSession+Extension.swift */,
				37A5C4BA2A578582003A7173 /* NetworkService.swift */,
				37A5C4BC2A578659003A7173 /* TodoDTO.swift */,
			);
			path = NetworkService;
			sourceTree = "<group>";
		};
		377F7BE32A6B6BCD002246B9 /* DetailsView */ = {
			isa = PBXGroup;
			children = (
				377F7BE42A6B6BD8002246B9 /* SubViews */,
				377F7BE12A6B2FFC002246B9 /* DetailsView.swift */,
			);
			path = DetailsView;
			sourceTree = "<group>";
		};
		377F7BE42A6B6BD8002246B9 /* SubViews */ = {
			isa = PBXGroup;
			children = (
				377F7BE52A6B6BEA002246B9 /* StackView.swift */,
				377F7BE72A6B6C10002246B9 /* RemoveView.swift */,
				377F7BE92A6B6C2D002246B9 /* ViewForPicker.swift */,
				377F7BEB2A6B6C4D002246B9 /* TextView.swift */,
			);
			path = SubViews;
			sourceTree = "<group>";
		};
		37B18DF52A4335F30061DC06 /* TodoViews */ = {
			isa = PBXGroup;
			children = (
				37B18DF62A4336070061DC06 /* Subviews */,
			);
			path = TodoViews;
			sourceTree = "<group>";
		};
		37B18DF62A4336070061DC06 /* Subviews */ = {
			isa = PBXGroup;
			children = (
				37B18DF72A4336280061DC06 /* TextView.swift */,
				37B18DFB2A438BAE0061DC06 /* RemoveView.swift */,
				37B18DFF2A438EE40061DC06 /* SettingsView */,
			);
			path = Subviews;
			sourceTree = "<group>";
		};
		37B18DFF2A438EE40061DC06 /* SettingsView */ = {
			isa = PBXGroup;
			children = (
				37B18DFD2A438E7A0061DC06 /* SettingsView.swift */,
				37EC21B52A4677AC000DE90B /* SettingsSubViews */,
			);
			path = SettingsView;
			sourceTree = "<group>";
		};
		37B18E0D2A45D4F80061DC06 /* Todo */ = {
			isa = PBXGroup;
			children = (
				37B18DF52A4335F30061DC06 /* TodoViews */,
				37B18E0E2A45D5530061DC06 /* TodoPresenter.swift */,
				374FFEFF2A3A5D1200B6EA5B /* ViewController.swift */,
				37B18E122A45D8B60061DC06 /* TodoViewModel.swift */,
				37B18E102A45D5EF0061DC06 /* TodoAssembly.swift */,
			);
			path = Todo;
			sourceTree = "<group>";
		};
		37EAB3072A5E014700AFA801 /* Database */ = {
			isa = PBXGroup;
			children = (
				37EAB3082A5E017A00AFA801 /* TodoDB.swift */,
				379FEF872A60D4A5005B56A3 /* TodoCoreData.swift */,
				3762A74D2A62092D00FC739E /* TodoLocalDBProtocol.swift */,
				379FEF842A60D313005B56A3 /* Yandex-Homework-1.xcdatamodeld */,
			);
			path = Database;
			sourceTree = "<group>";
		};
		37EC21B02A4676E8000DE90B /* Helpers */ = {
			isa = PBXGroup;
			children = (
				37EC21AE2A4676AB000DE90B /* UIColor+Extensions.swift */,
				372683872A4FAA5F005AA9BC /* UIButton+Extension.swift */,
				3762A74B2A61949B00FC739E /* NotificationBanner.swift */,
				37B18E142A462CEC0061DC06 /* ColorPickerPaletteView.swift */,
			);
			path = Helpers;
			sourceTree = "<group>";
		};
		37EC21B12A46771D000DE90B /* Services */ = {
			isa = PBXGroup;
			children = (
				374FFEFB2A3A5D1200B6EA5B /* AppDelegate.swift */,
				374FFEFD2A3A5D1200B6EA5B /* SceneDelegate.swift */,
			);
			path = Services;
			sourceTree = "<group>";
		};
		37EC21B32A46776D000DE90B /* Models */ = {
			isa = PBXGroup;
			children = (
				374FFF2D2A3A5D2F00B6EA5B /* FileCache.swift */,
				374FFF2B2A3A5D2200B6EA5B /* TodoItem.swift */,
			);
			path = Models;
			sourceTree = "<group>";
		};
		37EC21B42A467787000DE90B /* TodoList */ = {
			isa = PBXGroup;
			children = (
				37B18DF92A43481C0061DC06 /* MainViewController.swift */,
				3726837F2A4E63B7005AA9BC /* CreateNewTaskTableViewCell.swift */,
				3726837D2A4E45C5005AA9BC /* DeadlineCellView.swift */,
				372683772A4DBA4F005AA9BC /* TodoTableViewCell.swift */,
				372683792A4DE81B005AA9BC /* TodoDoneUIView.swift */,
				372683812A4F73DE005AA9BC /* Animator.swift */,
				37A5C4BE2A585C01003A7173 /* MainPresenter.swift */,
				37A5C4C02A585C0B003A7173 /* MainAssembler.swift */,
			);
			path = TodoList;
			sourceTree = "<group>";
		};
		37EC21B52A4677AC000DE90B /* SettingsSubViews */ = {
			isa = PBXGroup;
			children = (
				37B18E032A4390590061DC06 /* PriorityView.swift */,
				37B18E072A4395B70061DC06 /* CalendarView.swift */,
				37EC21B72A4677BB000DE90B /* ColorPickerViews */,
				37EC21B62A4677B4000DE90B /* DeadlineViews */,
			);
			path = SettingsSubViews;
			sourceTree = "<group>";
		};
		37EC21B62A4677B4000DE90B /* DeadlineViews */ = {
			isa = PBXGroup;
			children = (
				37B18E002A438EFC0061DC06 /* DeadlineHelperView.swift */,
				37B18E052A4394F70061DC06 /* DeadlineView.swift */,
			);
			path = DeadlineViews;
			sourceTree = "<group>";
		};
		37EC21B72A4677BB000DE90B /* ColorPickerViews */ = {
			isa = PBXGroup;
			children = (
				37EC21AA2A464FD1000DE90B /* ColorView.swift */,
				37EC21AC2A465848000DE90B /* ColorSelectionView.swift */,
			);
			path = ColorPickerViews;
			sourceTree = "<group>";
		};
		7ADB6B281BEC2A745CACB767 /* Frameworks */ = {
			isa = PBXGroup;
			children = (
				A47CD805A746A3E0469EDD0E /* Pods_Yandex_Homework_1.framework */,
				D494CECFC6BB481990CBB722 /* Pods_Yandex_Homework_1Tests.framework */,
			);
			name = Frameworks;
			sourceTree = "<group>";
		};
		EECDD905B5338C3918027CFE /* Pods */ = {
			isa = PBXGroup;
			children = (
				44C95FD9B32CC08D2FD29D68 /* Pods-Yandex-Homework-1.debug.xcconfig */,
				C0FED164ED13E5D1DD60122B /* Pods-Yandex-Homework-1.release.xcconfig */,
				2252BE019F90998D2CEEE742 /* Pods-Yandex-Homework-1Tests.debug.xcconfig */,
				056E60E349D40E5A5FDE655A /* Pods-Yandex-Homework-1Tests.release.xcconfig */,
			);
			path = Pods;
			sourceTree = "<group>";
		};
/* End PBXGroup section */

/* Begin PBXNativeTarget section */
		374FFEF72A3A5D1200B6EA5B /* Yandex-Homework-1 */ = {
			isa = PBXNativeTarget;
			buildConfigurationList = 374FFF222A3A5D1400B6EA5B /* Build configuration list for PBXNativeTarget "Yandex-Homework-1" */;
			buildPhases = (
				E15D33626DEAA6DA366B54E9 /* [CP] Check Pods Manifest.lock */,
				374FFEF42A3A5D1200B6EA5B /* Sources */,
				374FFEF52A3A5D1200B6EA5B /* Frameworks */,
				374FFEF62A3A5D1200B6EA5B /* Resources */,
				372683A42A4FCFAC005AA9BC /* ShellScript */,
				8071A9550F805B9C5A13EB92 /* [CP] Embed Pods Frameworks */,
			);
			buildRules = (
			);
			dependencies = (
			);
			name = "Yandex-Homework-1";
			packageProductDependencies = (
				3726839E2A4FCB61005AA9BC /* CocoaLumberjack */,
				372683A02A4FCB61005AA9BC /* CocoaLumberjackSwift */,
				372683A22A4FCB61005AA9BC /* CocoaLumberjackSwiftLogBackend */,
				3762A7512A62185D00FC739E /* TodoItem */,
			);
			productName = "Yandex-Homework-1";
			productReference = 374FFEF82A3A5D1200B6EA5B /* Yandex-Homework-1.app */;
			productType = "com.apple.product-type.application";
		};
		374FFF0D2A3A5D1400B6EA5B /* Yandex-Homework-1Tests */ = {
			isa = PBXNativeTarget;
			buildConfigurationList = 374FFF252A3A5D1400B6EA5B /* Build configuration list for PBXNativeTarget "Yandex-Homework-1Tests" */;
			buildPhases = (
				99AE077610BDA3F9C0A8236F /* [CP] Check Pods Manifest.lock */,
				374FFF0A2A3A5D1400B6EA5B /* Sources */,
				374FFF0B2A3A5D1400B6EA5B /* Frameworks */,
				374FFF0C2A3A5D1400B6EA5B /* Resources */,
			);
			buildRules = (
			);
			dependencies = (
				374FFF102A3A5D1400B6EA5B /* PBXTargetDependency */,
			);
			name = "Yandex-Homework-1Tests";
			productName = "Yandex-Homework-1Tests";
			productReference = 374FFF0E2A3A5D1400B6EA5B /* Yandex-Homework-1Tests.xctest */;
			productType = "com.apple.product-type.bundle.unit-test";
		};
		3751846A2A68AEC30052FD4D /* Yandex-Homework-2 */ = {
			isa = PBXNativeTarget;
			buildConfigurationList = 375184782A68AEC40052FD4D /* Build configuration list for PBXNativeTarget "Yandex-Homework-2" */;
			buildPhases = (
				375184672A68AEC30052FD4D /* Sources */,
				375184682A68AEC30052FD4D /* Frameworks */,
				375184692A68AEC30052FD4D /* Resources */,
				375546D22A6973A200F7683C /* ShellScript */,
			);
			buildRules = (
			);
			dependencies = (
				3751847A2A68B1CF0052FD4D /* PBXTargetDependency */,
			);
			name = "Yandex-Homework-2";
			productName = "Yandex-Homework-2";
			productReference = 3751846B2A68AEC30052FD4D /* Yandex-Homework-2.app */;
			productType = "com.apple.product-type.application";
		};
/* End PBXNativeTarget section */

/* Begin PBXProject section */
		374FFEF02A3A5D1200B6EA5B /* Project object */ = {
			isa = PBXProject;
			attributes = {
				BuildIndependentTargetsInParallel = 1;
				LastSwiftUpdateCheck = 1420;
				LastUpgradeCheck = 1420;
				TargetAttributes = {
					374FFEF72A3A5D1200B6EA5B = {
						CreatedOnToolsVersion = 14.2;
					};
					374FFF0D2A3A5D1400B6EA5B = {
						CreatedOnToolsVersion = 14.2;
						TestTargetID = 374FFEF72A3A5D1200B6EA5B;
					};
					3751846A2A68AEC30052FD4D = {
						CreatedOnToolsVersion = 14.2;
					};
				};
			};
			buildConfigurationList = 374FFEF32A3A5D1200B6EA5B /* Build configuration list for PBXProject "Yandex-Homework-1" */;
			compatibilityVersion = "Xcode 14.0";
			developmentRegion = en;
			hasScannedForEncodings = 0;
			knownRegions = (
				en,
				Base,
				ru,
			);
			mainGroup = 374FFEEF2A3A5D1200B6EA5B;
			packageReferences = (
				3726839D2A4FCB61005AA9BC /* XCRemoteSwiftPackageReference "CocoaLumberjack" */,
				3762A7502A62185D00FC739E /* XCRemoteSwiftPackageReference "TodoItem" */,
			);
			productRefGroup = 374FFEF92A3A5D1200B6EA5B /* Products */;
			projectDirPath = "";
			projectRoot = "";
			targets = (
				374FFEF72A3A5D1200B6EA5B /* Yandex-Homework-1 */,
				374FFF0D2A3A5D1400B6EA5B /* Yandex-Homework-1Tests */,
				3751846A2A68AEC30052FD4D /* Yandex-Homework-2 */,
			);
		};
/* End PBXProject section */

/* Begin PBXResourcesBuildPhase section */
		374FFEF62A3A5D1200B6EA5B /* Resources */ = {
			isa = PBXResourcesBuildPhase;
			buildActionMask = 2147483647;
			files = (
				374FFF082A3A5D1400B6EA5B /* LaunchScreen.storyboard in Resources */,
				37EC21BB2A46AA15000DE90B /* Localizable.strings in Resources */,
				374FFF052A3A5D1400B6EA5B /* Assets.xcassets in Resources */,
			);
			runOnlyForDeploymentPostprocessing = 0;
		};
		374FFF0C2A3A5D1400B6EA5B /* Resources */ = {
			isa = PBXResourcesBuildPhase;
			buildActionMask = 2147483647;
			files = (
			);
			runOnlyForDeploymentPostprocessing = 0;
		};
		375184692A68AEC30052FD4D /* Resources */ = {
			isa = PBXResourcesBuildPhase;
			buildActionMask = 2147483647;
			files = (
				375184752A68AEC40052FD4D /* Preview Assets.xcassets in Resources */,
				375546D12A696CA600F7683C /* Localizable.strings in Resources */,
				375546D02A6964D400F7683C /* Assets.xcassets in Resources */,
				375184722A68AEC40052FD4D /* Assets.xcassets in Resources */,
			);
			runOnlyForDeploymentPostprocessing = 0;
		};
/* End PBXResourcesBuildPhase section */

/* Begin PBXShellScriptBuildPhase section */
		372683A42A4FCFAC005AA9BC /* ShellScript */ = {
			isa = PBXShellScriptBuildPhase;
			buildActionMask = 2147483647;
			files = (
			);
			inputFileListPaths = (
			);
			inputPaths = (
			);
			outputFileListPaths = (
			);
			outputPaths = (
			);
			runOnlyForDeploymentPostprocessing = 0;
			shellPath = /bin/sh;
			shellScript = "#if which swiftlint > /dev/null; then\n#  swiftlint\n#else\n#  echo \"warning: SwiftLint not installed, download from https://github.com/realm/SwiftLint\"\n#fi\n";
		};
		375546D22A6973A200F7683C /* ShellScript */ = {
			isa = PBXShellScriptBuildPhase;
			buildActionMask = 2147483647;
			files = (
			);
			inputFileListPaths = (
			);
			inputPaths = (
			);
			outputFileListPaths = (
			);
			outputPaths = (
			);
			runOnlyForDeploymentPostprocessing = 0;
			shellPath = /bin/sh;
			shellScript = "# Type a script or drag a script file from your workspace to insert its path.\n#if which swiftlint > /dev/null; then\n#  swiftlint\n#else\n # echo \"warning: SwiftLint not installed, download from https://github.com/realm/SwiftLint\"\n\n#fi\n";
		};
		8071A9550F805B9C5A13EB92 /* [CP] Embed Pods Frameworks */ = {
			isa = PBXShellScriptBuildPhase;
			buildActionMask = 2147483647;
			files = (
			);
			inputFileListPaths = (
				"${PODS_ROOT}/Target Support Files/Pods-Yandex-Homework-1/Pods-Yandex-Homework-1-frameworks-${CONFIGURATION}-input-files.xcfilelist",
			);
			name = "[CP] Embed Pods Frameworks";
			outputFileListPaths = (
				"${PODS_ROOT}/Target Support Files/Pods-Yandex-Homework-1/Pods-Yandex-Homework-1-frameworks-${CONFIGURATION}-output-files.xcfilelist",
			);
			runOnlyForDeploymentPostprocessing = 0;
			shellPath = /bin/sh;
			shellScript = "\"${PODS_ROOT}/Target Support Files/Pods-Yandex-Homework-1/Pods-Yandex-Homework-1-frameworks.sh\"\n";
			showEnvVarsInLog = 0;
		};
		99AE077610BDA3F9C0A8236F /* [CP] Check Pods Manifest.lock */ = {
			isa = PBXShellScriptBuildPhase;
			buildActionMask = 2147483647;
			files = (
			);
			inputFileListPaths = (
			);
			inputPaths = (
				"${PODS_PODFILE_DIR_PATH}/Podfile.lock",
				"${PODS_ROOT}/Manifest.lock",
			);
			name = "[CP] Check Pods Manifest.lock";
			outputFileListPaths = (
			);
			outputPaths = (
				"$(DERIVED_FILE_DIR)/Pods-Yandex-Homework-1Tests-checkManifestLockResult.txt",
			);
			runOnlyForDeploymentPostprocessing = 0;
			shellPath = /bin/sh;
			shellScript = "diff \"${PODS_PODFILE_DIR_PATH}/Podfile.lock\" \"${PODS_ROOT}/Manifest.lock\" > /dev/null\nif [ $? != 0 ] ; then\n    # print error to STDERR\n    echo \"error: The sandbox is not in sync with the Podfile.lock. Run 'pod install' or update your CocoaPods installation.\" >&2\n    exit 1\nfi\n# This output is used by Xcode 'outputs' to avoid re-running this script phase.\necho \"SUCCESS\" > \"${SCRIPT_OUTPUT_FILE_0}\"\n";
			showEnvVarsInLog = 0;
		};
		E15D33626DEAA6DA366B54E9 /* [CP] Check Pods Manifest.lock */ = {
			isa = PBXShellScriptBuildPhase;
			buildActionMask = 2147483647;
			files = (
			);
			inputFileListPaths = (
			);
			inputPaths = (
				"${PODS_PODFILE_DIR_PATH}/Podfile.lock",
				"${PODS_ROOT}/Manifest.lock",
			);
			name = "[CP] Check Pods Manifest.lock";
			outputFileListPaths = (
			);
			outputPaths = (
				"$(DERIVED_FILE_DIR)/Pods-Yandex-Homework-1-checkManifestLockResult.txt",
			);
			runOnlyForDeploymentPostprocessing = 0;
			shellPath = /bin/sh;
			shellScript = "diff \"${PODS_PODFILE_DIR_PATH}/Podfile.lock\" \"${PODS_ROOT}/Manifest.lock\" > /dev/null\nif [ $? != 0 ] ; then\n    # print error to STDERR\n    echo \"error: The sandbox is not in sync with the Podfile.lock. Run 'pod install' or update your CocoaPods installation.\" >&2\n    exit 1\nfi\n# This output is used by Xcode 'outputs' to avoid re-running this script phase.\necho \"SUCCESS\" > \"${SCRIPT_OUTPUT_FILE_0}\"\n";
			showEnvVarsInLog = 0;
		};
/* End PBXShellScriptBuildPhase section */

/* Begin PBXSourcesBuildPhase section */
		374FFEF42A3A5D1200B6EA5B /* Sources */ = {
			isa = PBXSourcesBuildPhase;
			buildActionMask = 2147483647;
			files = (
				37B18E012A438EFC0061DC06 /* DeadlineHelperView.swift in Sources */,
				37B18E112A45D5EF0061DC06 /* TodoAssembly.swift in Sources */,
				37A5C4C12A585C0B003A7173 /* MainAssembler.swift in Sources */,
				372683802A4E63B7005AA9BC /* CreateNewTaskTableViewCell.swift in Sources */,
				37EC21AB2A464FD1000DE90B /* ColorView.swift in Sources */,
				37EC21AD2A465848000DE90B /* ColorSelectionView.swift in Sources */,
				37A5C4BD2A578659003A7173 /* TodoDTO.swift in Sources */,
				372683782A4DBA4F005AA9BC /* TodoTableViewCell.swift in Sources */,
				37B18E152A462CEC0061DC06 /* ColorPickerPaletteView.swift in Sources */,
				373349BA2A41CC3A006BA9F6 /* Fonts.swift in Sources */,
				37B18E082A4395B70061DC06 /* CalendarView.swift in Sources */,
				379FEF862A60D313005B56A3 /* Yandex-Homework-1.xcdatamodeld in Sources */,
				372683882A4FAA5F005AA9BC /* UIButton+Extension.swift in Sources */,
				37A5C4BF2A585C01003A7173 /* MainPresenter.swift in Sources */,
				37B18E042A4390590061DC06 /* PriorityView.swift in Sources */,
				37A5C4B92A5716E0003A7173 /* URLSession+Extension.swift in Sources */,
				3762A74C2A61949B00FC739E /* NotificationBanner.swift in Sources */,
				37EAB3092A5E017A00AFA801 /* TodoDB.swift in Sources */,
				374FFF002A3A5D1200B6EA5B /* ViewController.swift in Sources */,
				372683822A4F73DE005AA9BC /* Animator.swift in Sources */,
				374FFEFC2A3A5D1200B6EA5B /* AppDelegate.swift in Sources */,
				37B18E132A45D8B60061DC06 /* TodoViewModel.swift in Sources */,
				374FFF2C2A3A5D2200B6EA5B /* TodoItem.swift in Sources */,
				3762A74E2A62092D00FC739E /* TodoLocalDBProtocol.swift in Sources */,
				3726837E2A4E45C5005AA9BC /* DeadlineCellView.swift in Sources */,
				37B18E062A4394F70061DC06 /* DeadlineView.swift in Sources */,
				37B18DFC2A438BAE0061DC06 /* RemoveView.swift in Sources */,
				37A5C4BB2A578582003A7173 /* NetworkService.swift in Sources */,
				374FFF2E2A3A5D2F00B6EA5B /* FileCache.swift in Sources */,
				374FFEFE2A3A5D1200B6EA5B /* SceneDelegate.swift in Sources */,
				37B18DF82A4336280061DC06 /* TextView.swift in Sources */,
				373349B82A41C6BA006BA9F6 /* Colors.swift in Sources */,
				37EC21AF2A4676AB000DE90B /* UIColor+Extensions.swift in Sources */,
				3726837A2A4DE81B005AA9BC /* TodoDoneUIView.swift in Sources */,
				37B18E0F2A45D5530061DC06 /* TodoPresenter.swift in Sources */,
				37B18DFE2A438E7A0061DC06 /* SettingsView.swift in Sources */,
				37B18DFA2A43481C0061DC06 /* MainViewController.swift in Sources */,
				379FEF882A60D4A5005B56A3 /* TodoCoreData.swift in Sources */,
			);
			runOnlyForDeploymentPostprocessing = 0;
		};
		374FFF0A2A3A5D1400B6EA5B /* Sources */ = {
			isa = PBXSourcesBuildPhase;
			buildActionMask = 2147483647;
			files = (
				374FFF132A3A5D1400B6EA5B /* Yandex_Homework_1Tests.swift in Sources */,
				375D55E32A3D20A100C11276 /* TestConstants.swift in Sources */,
			);
			runOnlyForDeploymentPostprocessing = 0;
		};
		375184672A68AEC30052FD4D /* Sources */ = {
			isa = PBXSourcesBuildPhase;
			buildActionMask = 2147483647;
			files = (
				372B098D2A6ABAE6008E847E /* CornerRadius+Extension.swift in Sources */,
				372B09872A6ABA05008E847E /* CheckBoxView.swift in Sources */,
				377F7BEA2A6B6C2D002246B9 /* ViewForPicker.swift in Sources */,
				372B09852A6AB9E2008E847E /* DeadlineView.swift in Sources */,
				377F7BE82A6B6C10002246B9 /* RemoveView.swift in Sources */,
				375184702A68AEC30052FD4D /* ContentView.swift in Sources */,
				372B09892A6ABA7D008E847E /* ListRowView.swift in Sources */,
				375546CF2A6961C200F7683C /* Colors.swift in Sources */,
				377F7BE22A6B2FFC002246B9 /* DetailsView.swift in Sources */,
				377F7BEC2A6B6C4D002246B9 /* TextView.swift in Sources */,
				372B09832A6AB9A7008E847E /* SectionHeaderView.swift in Sources */,
				372B09812A6AB96A008E847E /* SwipeActions.swift in Sources */,
				3751846E2A68AEC30052FD4D /* Yandex_Homework_2App.swift in Sources */,
				372B098B2A6ABAA4008E847E /* Constants.swift in Sources */,
				377F7BE62A6B6BEA002246B9 /* StackView.swift in Sources */,
			);
			runOnlyForDeploymentPostprocessing = 0;
		};
/* End PBXSourcesBuildPhase section */

/* Begin PBXTargetDependency section */
		374FFF102A3A5D1400B6EA5B /* PBXTargetDependency */ = {
			isa = PBXTargetDependency;
			target = 374FFEF72A3A5D1200B6EA5B /* Yandex-Homework-1 */;
			targetProxy = 374FFF0F2A3A5D1400B6EA5B /* PBXContainerItemProxy */;
		};
		3751847A2A68B1CF0052FD4D /* PBXTargetDependency */ = {
			isa = PBXTargetDependency;
			productRef = 375184792A68B1CF0052FD4D /* TodoItem */;
		};
/* End PBXTargetDependency section */

/* Begin PBXVariantGroup section */
		374FFF062A3A5D1400B6EA5B /* LaunchScreen.storyboard */ = {
			isa = PBXVariantGroup;
			children = (
				374FFF072A3A5D1400B6EA5B /* Base */,
			);
			name = LaunchScreen.storyboard;
			sourceTree = "<group>";
		};
		37EC21BD2A46AA15000DE90B /* Localizable.strings */ = {
			isa = PBXVariantGroup;
			children = (
				37EC21BC2A46AA15000DE90B /* en */,
				37EC21BF2A46AA2E000DE90B /* ru */,
			);
			name = Localizable.strings;
			sourceTree = "<group>";
		};
/* End PBXVariantGroup section */

/* Begin XCBuildConfiguration section */
		374FFF202A3A5D1400B6EA5B /* Debug */ = {
			isa = XCBuildConfiguration;
			buildSettings = {
				ALWAYS_SEARCH_USER_PATHS = NO;
				CLANG_ANALYZER_LOCALIZABILITY_NONLOCALIZED = YES;
				CLANG_ANALYZER_NONNULL = YES;
				CLANG_ANALYZER_NUMBER_OBJECT_CONVERSION = YES_AGGRESSIVE;
				CLANG_CXX_LANGUAGE_STANDARD = "gnu++20";
				CLANG_ENABLE_MODULES = YES;
				CLANG_ENABLE_OBJC_ARC = YES;
				CLANG_ENABLE_OBJC_WEAK = YES;
				CLANG_WARN_BLOCK_CAPTURE_AUTORELEASING = YES;
				CLANG_WARN_BOOL_CONVERSION = YES;
				CLANG_WARN_COMMA = YES;
				CLANG_WARN_CONSTANT_CONVERSION = YES;
				CLANG_WARN_DEPRECATED_OBJC_IMPLEMENTATIONS = YES;
				CLANG_WARN_DIRECT_OBJC_ISA_USAGE = YES_ERROR;
				CLANG_WARN_DOCUMENTATION_COMMENTS = YES;
				CLANG_WARN_EMPTY_BODY = YES;
				CLANG_WARN_ENUM_CONVERSION = YES;
				CLANG_WARN_INFINITE_RECURSION = YES;
				CLANG_WARN_INT_CONVERSION = YES;
				CLANG_WARN_NON_LITERAL_NULL_CONVERSION = YES;
				CLANG_WARN_OBJC_IMPLICIT_RETAIN_SELF = YES;
				CLANG_WARN_OBJC_LITERAL_CONVERSION = YES;
				CLANG_WARN_OBJC_ROOT_CLASS = YES_ERROR;
				CLANG_WARN_QUOTED_INCLUDE_IN_FRAMEWORK_HEADER = YES;
				CLANG_WARN_RANGE_LOOP_ANALYSIS = YES;
				CLANG_WARN_STRICT_PROTOTYPES = YES;
				CLANG_WARN_SUSPICIOUS_MOVE = YES;
				CLANG_WARN_UNGUARDED_AVAILABILITY = YES_AGGRESSIVE;
				CLANG_WARN_UNREACHABLE_CODE = YES;
				CLANG_WARN__DUPLICATE_METHOD_MATCH = YES;
				COPY_PHASE_STRIP = NO;
				DEBUG_INFORMATION_FORMAT = dwarf;
				ENABLE_STRICT_OBJC_MSGSEND = YES;
				ENABLE_TESTABILITY = YES;
				GCC_C_LANGUAGE_STANDARD = gnu11;
				GCC_DYNAMIC_NO_PIC = NO;
				GCC_NO_COMMON_BLOCKS = YES;
				GCC_OPTIMIZATION_LEVEL = 0;
				GCC_PREPROCESSOR_DEFINITIONS = (
					"DEBUG=1",
					"$(inherited)",
				);
				GCC_WARN_64_TO_32_BIT_CONVERSION = YES;
				GCC_WARN_ABOUT_RETURN_TYPE = YES_ERROR;
				GCC_WARN_UNDECLARED_SELECTOR = YES;
				GCC_WARN_UNINITIALIZED_AUTOS = YES_AGGRESSIVE;
				GCC_WARN_UNUSED_FUNCTION = YES;
				GCC_WARN_UNUSED_VARIABLE = YES;
				IPHONEOS_DEPLOYMENT_TARGET = 15.0;
				MTL_ENABLE_DEBUG_INFO = INCLUDE_SOURCE;
				MTL_FAST_MATH = YES;
				ONLY_ACTIVE_ARCH = YES;
				SDKROOT = iphoneos;
				SWIFT_ACTIVE_COMPILATION_CONDITIONS = DEBUG;
				SWIFT_OPTIMIZATION_LEVEL = "-Onone";
				SWIFT_STRICT_CONCURRENCY = minimal;
			};
			name = Debug;
		};
		374FFF212A3A5D1400B6EA5B /* Release */ = {
			isa = XCBuildConfiguration;
			buildSettings = {
				ALWAYS_SEARCH_USER_PATHS = NO;
				CLANG_ANALYZER_LOCALIZABILITY_NONLOCALIZED = YES;
				CLANG_ANALYZER_NONNULL = YES;
				CLANG_ANALYZER_NUMBER_OBJECT_CONVERSION = YES_AGGRESSIVE;
				CLANG_CXX_LANGUAGE_STANDARD = "gnu++20";
				CLANG_ENABLE_MODULES = YES;
				CLANG_ENABLE_OBJC_ARC = YES;
				CLANG_ENABLE_OBJC_WEAK = YES;
				CLANG_WARN_BLOCK_CAPTURE_AUTORELEASING = YES;
				CLANG_WARN_BOOL_CONVERSION = YES;
				CLANG_WARN_COMMA = YES;
				CLANG_WARN_CONSTANT_CONVERSION = YES;
				CLANG_WARN_DEPRECATED_OBJC_IMPLEMENTATIONS = YES;
				CLANG_WARN_DIRECT_OBJC_ISA_USAGE = YES_ERROR;
				CLANG_WARN_DOCUMENTATION_COMMENTS = YES;
				CLANG_WARN_EMPTY_BODY = YES;
				CLANG_WARN_ENUM_CONVERSION = YES;
				CLANG_WARN_INFINITE_RECURSION = YES;
				CLANG_WARN_INT_CONVERSION = YES;
				CLANG_WARN_NON_LITERAL_NULL_CONVERSION = YES;
				CLANG_WARN_OBJC_IMPLICIT_RETAIN_SELF = YES;
				CLANG_WARN_OBJC_LITERAL_CONVERSION = YES;
				CLANG_WARN_OBJC_ROOT_CLASS = YES_ERROR;
				CLANG_WARN_QUOTED_INCLUDE_IN_FRAMEWORK_HEADER = YES;
				CLANG_WARN_RANGE_LOOP_ANALYSIS = YES;
				CLANG_WARN_STRICT_PROTOTYPES = YES;
				CLANG_WARN_SUSPICIOUS_MOVE = YES;
				CLANG_WARN_UNGUARDED_AVAILABILITY = YES_AGGRESSIVE;
				CLANG_WARN_UNREACHABLE_CODE = YES;
				CLANG_WARN__DUPLICATE_METHOD_MATCH = YES;
				COPY_PHASE_STRIP = NO;
				DEBUG_INFORMATION_FORMAT = "dwarf-with-dsym";
				ENABLE_NS_ASSERTIONS = NO;
				ENABLE_STRICT_OBJC_MSGSEND = YES;
				GCC_C_LANGUAGE_STANDARD = gnu11;
				GCC_NO_COMMON_BLOCKS = YES;
				GCC_WARN_64_TO_32_BIT_CONVERSION = YES;
				GCC_WARN_ABOUT_RETURN_TYPE = YES_ERROR;
				GCC_WARN_UNDECLARED_SELECTOR = YES;
				GCC_WARN_UNINITIALIZED_AUTOS = YES_AGGRESSIVE;
				GCC_WARN_UNUSED_FUNCTION = YES;
				GCC_WARN_UNUSED_VARIABLE = YES;
				IPHONEOS_DEPLOYMENT_TARGET = 15.0;
				MTL_ENABLE_DEBUG_INFO = NO;
				MTL_FAST_MATH = YES;
				SDKROOT = iphoneos;
				SWIFT_COMPILATION_MODE = wholemodule;
				SWIFT_OPTIMIZATION_LEVEL = "-O";
				SWIFT_STRICT_CONCURRENCY = minimal;
				VALIDATE_PRODUCT = YES;
			};
			name = Release;
		};
		374FFF232A3A5D1400B6EA5B /* Debug */ = {
			isa = XCBuildConfiguration;
			baseConfigurationReference = 44C95FD9B32CC08D2FD29D68 /* Pods-Yandex-Homework-1.debug.xcconfig */;
			buildSettings = {
				ASSETCATALOG_COMPILER_APPICON_NAME = AppIcon;
				ASSETCATALOG_COMPILER_GLOBAL_ACCENT_COLOR_NAME = AccentColor;
				CODE_SIGN_STYLE = Automatic;
				CURRENT_PROJECT_VERSION = 1;
				DEVELOPMENT_TEAM = 5TK92WAY4H;
				GENERATE_INFOPLIST_FILE = YES;
				INFOPLIST_FILE = "Yandex-Homework-1/Info.plist";
				INFOPLIST_KEY_UIApplicationSupportsIndirectInputEvents = YES;
				INFOPLIST_KEY_UILaunchStoryboardName = LaunchScreen;
				INFOPLIST_KEY_UIMainStoryboardFile = "";
				INFOPLIST_KEY_UIStatusBarStyle = "";
				INFOPLIST_KEY_UISupportedInterfaceOrientations_iPad = "UIInterfaceOrientationPortrait UIInterfaceOrientationPortraitUpsideDown UIInterfaceOrientationLandscapeLeft UIInterfaceOrientationLandscapeRight";
				INFOPLIST_KEY_UISupportedInterfaceOrientations_iPhone = "UIInterfaceOrientationPortrait UIInterfaceOrientationLandscapeLeft UIInterfaceOrientationLandscapeRight";
				LD_RUNPATH_SEARCH_PATHS = (
					"$(inherited)",
					"@executable_path/Frameworks",
				);
				MARKETING_VERSION = 1.0;
				PRODUCT_BUNDLE_IDENTIFIER = "com.Yandex-Homework-1";
				PRODUCT_NAME = "$(TARGET_NAME)";
				SWIFT_EMIT_LOC_STRINGS = YES;
				SWIFT_VERSION = 5.0;
				TARGETED_DEVICE_FAMILY = "1,2";
			};
			name = Debug;
		};
		374FFF242A3A5D1400B6EA5B /* Release */ = {
			isa = XCBuildConfiguration;
			baseConfigurationReference = C0FED164ED13E5D1DD60122B /* Pods-Yandex-Homework-1.release.xcconfig */;
			buildSettings = {
				ASSETCATALOG_COMPILER_APPICON_NAME = AppIcon;
				ASSETCATALOG_COMPILER_GLOBAL_ACCENT_COLOR_NAME = AccentColor;
				CODE_SIGN_STYLE = Automatic;
				CURRENT_PROJECT_VERSION = 1;
				DEVELOPMENT_TEAM = 5TK92WAY4H;
				GENERATE_INFOPLIST_FILE = YES;
				INFOPLIST_FILE = "Yandex-Homework-1/Info.plist";
				INFOPLIST_KEY_UIApplicationSupportsIndirectInputEvents = YES;
				INFOPLIST_KEY_UILaunchStoryboardName = LaunchScreen;
				INFOPLIST_KEY_UIMainStoryboardFile = "";
				INFOPLIST_KEY_UIStatusBarStyle = "";
				INFOPLIST_KEY_UISupportedInterfaceOrientations_iPad = "UIInterfaceOrientationPortrait UIInterfaceOrientationPortraitUpsideDown UIInterfaceOrientationLandscapeLeft UIInterfaceOrientationLandscapeRight";
				INFOPLIST_KEY_UISupportedInterfaceOrientations_iPhone = "UIInterfaceOrientationPortrait UIInterfaceOrientationLandscapeLeft UIInterfaceOrientationLandscapeRight";
				LD_RUNPATH_SEARCH_PATHS = (
					"$(inherited)",
					"@executable_path/Frameworks",
				);
				MARKETING_VERSION = 1.0;
				PRODUCT_BUNDLE_IDENTIFIER = "com.Yandex-Homework-1";
				PRODUCT_NAME = "$(TARGET_NAME)";
				SWIFT_EMIT_LOC_STRINGS = YES;
				SWIFT_VERSION = 5.0;
				TARGETED_DEVICE_FAMILY = "1,2";
			};
			name = Release;
		};
		374FFF262A3A5D1400B6EA5B /* Debug */ = {
			isa = XCBuildConfiguration;
			baseConfigurationReference = 2252BE019F90998D2CEEE742 /* Pods-Yandex-Homework-1Tests.debug.xcconfig */;
			buildSettings = {
				ALWAYS_EMBED_SWIFT_STANDARD_LIBRARIES = YES;
				BUNDLE_LOADER = "$(TEST_HOST)";
				CODE_SIGN_STYLE = Automatic;
				CURRENT_PROJECT_VERSION = 1;
				GENERATE_INFOPLIST_FILE = YES;
				IPHONEOS_DEPLOYMENT_TARGET = 16.2;
				MARKETING_VERSION = 1.0;
				PRODUCT_BUNDLE_IDENTIFIER = "com.Yandex-Homework-1Tests";
				PRODUCT_NAME = "$(TARGET_NAME)";
				SWIFT_EMIT_LOC_STRINGS = NO;
				SWIFT_VERSION = 5.0;
				TARGETED_DEVICE_FAMILY = "1,2";
				TEST_HOST = "$(BUILT_PRODUCTS_DIR)/Yandex-Homework-1.app/$(BUNDLE_EXECUTABLE_FOLDER_PATH)/Yandex-Homework-1";
			};
			name = Debug;
		};
		374FFF272A3A5D1400B6EA5B /* Release */ = {
			isa = XCBuildConfiguration;
			baseConfigurationReference = 056E60E349D40E5A5FDE655A /* Pods-Yandex-Homework-1Tests.release.xcconfig */;
			buildSettings = {
				ALWAYS_EMBED_SWIFT_STANDARD_LIBRARIES = YES;
				BUNDLE_LOADER = "$(TEST_HOST)";
				CODE_SIGN_STYLE = Automatic;
				CURRENT_PROJECT_VERSION = 1;
				GENERATE_INFOPLIST_FILE = YES;
				IPHONEOS_DEPLOYMENT_TARGET = 16.2;
				MARKETING_VERSION = 1.0;
				PRODUCT_BUNDLE_IDENTIFIER = "com.Yandex-Homework-1Tests";
				PRODUCT_NAME = "$(TARGET_NAME)";
				SWIFT_EMIT_LOC_STRINGS = NO;
				SWIFT_VERSION = 5.0;
				TARGETED_DEVICE_FAMILY = "1,2";
				TEST_HOST = "$(BUILT_PRODUCTS_DIR)/Yandex-Homework-1.app/$(BUNDLE_EXECUTABLE_FOLDER_PATH)/Yandex-Homework-1";
			};
			name = Release;
		};
		375184762A68AEC40052FD4D /* Debug */ = {
			isa = XCBuildConfiguration;
			buildSettings = {
				ASSETCATALOG_COMPILER_APPICON_NAME = AppIcon;
				ASSETCATALOG_COMPILER_GLOBAL_ACCENT_COLOR_NAME = AccentColor;
				CODE_SIGN_STYLE = Automatic;
				CURRENT_PROJECT_VERSION = 1;
				DEVELOPMENT_ASSET_PATHS = "\"Yandex-Homework-2/Preview Content\"";
				DEVELOPMENT_TEAM = 5TK92WAY4H;
				ENABLE_PREVIEWS = YES;
				GENERATE_INFOPLIST_FILE = YES;
				INFOPLIST_KEY_UIApplicationSceneManifest_Generation = YES;
				INFOPLIST_KEY_UIApplicationSupportsIndirectInputEvents = YES;
				INFOPLIST_KEY_UILaunchScreen_Generation = YES;
				INFOPLIST_KEY_UISupportedInterfaceOrientations_iPad = "UIInterfaceOrientationPortrait UIInterfaceOrientationPortraitUpsideDown UIInterfaceOrientationLandscapeLeft UIInterfaceOrientationLandscapeRight";
				INFOPLIST_KEY_UISupportedInterfaceOrientations_iPhone = "UIInterfaceOrientationPortrait UIInterfaceOrientationLandscapeLeft UIInterfaceOrientationLandscapeRight";
				IPHONEOS_DEPLOYMENT_TARGET = 16.2;
				LD_RUNPATH_SEARCH_PATHS = (
					"$(inherited)",
					"@executable_path/Frameworks",
				);
				MARKETING_VERSION = 1.0;
				PRODUCT_BUNDLE_IDENTIFIER = "com.Yandex-Homework-2";
				PRODUCT_NAME = "$(TARGET_NAME)";
				SWIFT_EMIT_LOC_STRINGS = YES;
				SWIFT_VERSION = 5.0;
				TARGETED_DEVICE_FAMILY = "1,2";
			};
			name = Debug;
		};
		375184772A68AEC40052FD4D /* Release */ = {
			isa = XCBuildConfiguration;
			buildSettings = {
				ASSETCATALOG_COMPILER_APPICON_NAME = AppIcon;
				ASSETCATALOG_COMPILER_GLOBAL_ACCENT_COLOR_NAME = AccentColor;
				CODE_SIGN_STYLE = Automatic;
				CURRENT_PROJECT_VERSION = 1;
				DEVELOPMENT_ASSET_PATHS = "\"Yandex-Homework-2/Preview Content\"";
				DEVELOPMENT_TEAM = 5TK92WAY4H;
				ENABLE_PREVIEWS = YES;
				GENERATE_INFOPLIST_FILE = YES;
				INFOPLIST_KEY_UIApplicationSceneManifest_Generation = YES;
				INFOPLIST_KEY_UIApplicationSupportsIndirectInputEvents = YES;
				INFOPLIST_KEY_UILaunchScreen_Generation = YES;
				INFOPLIST_KEY_UISupportedInterfaceOrientations_iPad = "UIInterfaceOrientationPortrait UIInterfaceOrientationPortraitUpsideDown UIInterfaceOrientationLandscapeLeft UIInterfaceOrientationLandscapeRight";
				INFOPLIST_KEY_UISupportedInterfaceOrientations_iPhone = "UIInterfaceOrientationPortrait UIInterfaceOrientationLandscapeLeft UIInterfaceOrientationLandscapeRight";
				IPHONEOS_DEPLOYMENT_TARGET = 16.2;
				LD_RUNPATH_SEARCH_PATHS = (
					"$(inherited)",
					"@executable_path/Frameworks",
				);
				MARKETING_VERSION = 1.0;
				PRODUCT_BUNDLE_IDENTIFIER = "com.Yandex-Homework-2";
				PRODUCT_NAME = "$(TARGET_NAME)";
				SWIFT_EMIT_LOC_STRINGS = YES;
				SWIFT_VERSION = 5.0;
				TARGETED_DEVICE_FAMILY = "1,2";
			};
			name = Release;
		};
/* End XCBuildConfiguration section */

/* Begin XCConfigurationList section */
		374FFEF32A3A5D1200B6EA5B /* Build configuration list for PBXProject "Yandex-Homework-1" */ = {
			isa = XCConfigurationList;
			buildConfigurations = (
				374FFF202A3A5D1400B6EA5B /* Debug */,
				374FFF212A3A5D1400B6EA5B /* Release */,
			);
			defaultConfigurationIsVisible = 0;
			defaultConfigurationName = Release;
		};
		374FFF222A3A5D1400B6EA5B /* Build configuration list for PBXNativeTarget "Yandex-Homework-1" */ = {
			isa = XCConfigurationList;
			buildConfigurations = (
				374FFF232A3A5D1400B6EA5B /* Debug */,
				374FFF242A3A5D1400B6EA5B /* Release */,
			);
			defaultConfigurationIsVisible = 0;
			defaultConfigurationName = Release;
		};
		374FFF252A3A5D1400B6EA5B /* Build configuration list for PBXNativeTarget "Yandex-Homework-1Tests" */ = {
			isa = XCConfigurationList;
			buildConfigurations = (
				374FFF262A3A5D1400B6EA5B /* Debug */,
				374FFF272A3A5D1400B6EA5B /* Release */,
			);
			defaultConfigurationIsVisible = 0;
			defaultConfigurationName = Release;
		};
		375184782A68AEC40052FD4D /* Build configuration list for PBXNativeTarget "Yandex-Homework-2" */ = {
			isa = XCConfigurationList;
			buildConfigurations = (
				375184762A68AEC40052FD4D /* Debug */,
				375184772A68AEC40052FD4D /* Release */,
			);
			defaultConfigurationIsVisible = 0;
			defaultConfigurationName = Release;
		};
/* End XCConfigurationList section */

/* Begin XCRemoteSwiftPackageReference section */
		3726839D2A4FCB61005AA9BC /* XCRemoteSwiftPackageReference "CocoaLumberjack" */ = {
			isa = XCRemoteSwiftPackageReference;
			repositoryURL = "https://github.com/CocoaLumberjack/CocoaLumberjack.git";
			requirement = {
				kind = upToNextMajorVersion;
				minimumVersion = 3.0.0;
			};
		};
		3762A7502A62185D00FC739E /* XCRemoteSwiftPackageReference "TodoItem" */ = {
			isa = XCRemoteSwiftPackageReference;
			repositoryURL = "https://github.com/Vlad-9/TodoItem.git";
			requirement = {
				branch = main;
				kind = branch;
			};
		};
/* End XCRemoteSwiftPackageReference section */

/* Begin XCSwiftPackageProductDependency section */
		3726839E2A4FCB61005AA9BC /* CocoaLumberjack */ = {
			isa = XCSwiftPackageProductDependency;
			package = 3726839D2A4FCB61005AA9BC /* XCRemoteSwiftPackageReference "CocoaLumberjack" */;
			productName = CocoaLumberjack;
		};
		372683A02A4FCB61005AA9BC /* CocoaLumberjackSwift */ = {
			isa = XCSwiftPackageProductDependency;
			package = 3726839D2A4FCB61005AA9BC /* XCRemoteSwiftPackageReference "CocoaLumberjack" */;
			productName = CocoaLumberjackSwift;
		};
		372683A22A4FCB61005AA9BC /* CocoaLumberjackSwiftLogBackend */ = {
			isa = XCSwiftPackageProductDependency;
			package = 3726839D2A4FCB61005AA9BC /* XCRemoteSwiftPackageReference "CocoaLumberjack" */;
			productName = CocoaLumberjackSwiftLogBackend;
		};
		375184792A68B1CF0052FD4D /* TodoItem */ = {
			isa = XCSwiftPackageProductDependency;
			package = 3762A7502A62185D00FC739E /* XCRemoteSwiftPackageReference "TodoItem" */;
			productName = TodoItem;
		};
		3762A7512A62185D00FC739E /* TodoItem */ = {
			isa = XCSwiftPackageProductDependency;
			package = 3762A7502A62185D00FC739E /* XCRemoteSwiftPackageReference "TodoItem" */;
			productName = TodoItem;
		};
/* End XCSwiftPackageProductDependency section */

/* Begin XCVersionGroup section */
		379FEF842A60D313005B56A3 /* Yandex-Homework-1.xcdatamodeld */ = {
			isa = XCVersionGroup;
			children = (
				379FEF852A60D313005B56A3 /* Yandex-Homework-1.xcdatamodel */,
			);
			currentVersion = 379FEF852A60D313005B56A3 /* Yandex-Homework-1.xcdatamodel */;
			path = "Yandex-Homework-1.xcdatamodeld";
			sourceTree = "<group>";
			versionGroupType = wrapper.xcdatamodel;
		};
/* End XCVersionGroup section */
	};
	rootObject = 374FFEF02A3A5D1200B6EA5B /* Project object */;
}
